
Microsoft Visual Studio Solution File, Format Version 12.00
# Visual Studio Version 16
VisualStudioVersion = 16.0.28729.10
MinimumVisualStudioVersion = 10.0.40219.1
Project("{9A19103F-16F7-4668-BE54-9A1E7A4F7556}") = "S2fx.Core", "src\S2fx.Core\S2fx.Core.csproj", "{08774AE8-05D9-4918-9D03-7F261686A471}"
EndProject
Project("{2150E333-8FDC-42A3-9474-1A3956D46DE8}") = "Sources", "Sources", "{6CFECB4F-91E9-4096-B594-77CEBFAF545B}"
EndProject
Project("{2150E333-8FDC-42A3-9474-1A3956D46DE8}") = "Test", "Test", "{E407C4D5-0C2A-4903-AC5E-B1FBB1194B11}"
EndProject
Project("{2150E333-8FDC-42A3-9474-1A3956D46DE8}") = "Core Modules", "Core Modules", "{2D49B7DE-09A3-43F5-B1CE-FB8207815BCE}"
EndProject
Project("{2150E333-8FDC-42A3-9474-1A3956D46DE8}") = "Foundation", "Foundation", "{56D5DCC2-F956-402F-AE23-D782C148374F}"
EndProject
Project("{2150E333-8FDC-42A3-9474-1A3956D46DE8}") = "Hosting", "Hosting", "{E7125242-99EF-45E4-8809-91BD8F3267FB}"
EndProject
Project("{9A19103F-16F7-4668-BE54-9A1E7A4F7556}") = "S2fx.Server", "src\S2fx.Server\S2fx.Server.csproj", "{8ACDE6AA-A6B1-4AFB-9FB0-067D6EDB2DE8}"
EndProject
Project("{9A19103F-16F7-4668-BE54-9A1E7A4F7556}") = "S2fx.Web", "src\S2fx.Web\S2fx.Web.csproj", "{7E2E7CED-D776-4FCA-A703-FCA11EE83110}"
EndProject
Project("{9A19103F-16F7-4668-BE54-9A1E7A4F7556}") = "S2fx.Framework", "src\S2fx.Framework\S2fx.Framework.csproj", "{9FF030E1-8880-40B3-9640-CA98866A1CB3}"
EndProject
Project("{2150E333-8FDC-42A3-9474-1A3956D46DE8}") = "Solution Items", "Solution Items", "{23BFA544-65B3-4163-984F-1F555BA4C164}"
	ProjectSection(SolutionItems) = preProject
		.editorconfig = .editorconfig
		NuGet.config = NuGet.config
	EndProjectSection
EndProject
Project("{9A19103F-16F7-4668-BE54-9A1E7A4F7556}") = "S2fx.Data.NHibernate", "src\S2fx.Data.NHibernate\S2fx.Data.NHibernate.csproj", "{E2641D3A-B88C-4471-A0FE-70724C45CA4A}"
EndProject
Project("{9A19103F-16F7-4668-BE54-9A1E7A4F7556}") = "S2fx.Tests", "test\S2fx.Tests\S2fx.Tests.csproj", "{9581A9C8-B68C-4BC2-93FA-0B35AF44C017}"
EndProject
Project("{9A19103F-16F7-4668-BE54-9A1E7A4F7556}") = "S2fx.WampSharp", "src\S2fx.WampSharp\S2fx.WampSharp.csproj", "{B871FB87-068C-413B-89AF-F640344F7331}"
EndProject
Project("{2150E333-8FDC-42A3-9474-1A3956D46DE8}") = "Client", "Client", "{3E7AA7D1-F864-4010-A905-C361E6C1C71C}"
EndProject
Project("{9A19103F-16F7-4668-BE54-9A1E7A4F7556}") = "S2fx.WampClient", "src\S2fx.WampClient\S2fx.WampClient.csproj", "{8CA517BB-1794-4067-AC9F-FE8B832D6662}"
EndProject
Project("{2150E333-8FDC-42A3-9474-1A3956D46DE8}") = "Samples", "Samples", "{5EB152A5-14AD-4075-975C-8776A45E1693}"
EndProject
Project("{9A19103F-16F7-4668-BE54-9A1E7A4F7556}") = "S2fx.WampClientDemo", "samples\S2fx.WampClientDemo\S2fx.WampClientDemo.csproj", "{522D0E93-7996-4D74-80B7-EBDF254391E1}"
EndProject
Project("{9A19103F-16F7-4668-BE54-9A1E7A4F7556}") = "S2fx.Data.NHibernate.Npgsql", "src\S2fx.Data.NHibernate.Npgsql\S2fx.Data.NHibernate.Npgsql.csproj", "{C255C31A-0038-4608-9DFB-C8BE3D44A22D}"
EndProject
Project("{9A19103F-16F7-4668-BE54-9A1E7A4F7556}") = "S2fx.AdminUI", "src\S2fx.AdminUI\S2fx.AdminUI.csproj", "{1BDDEDDB-BF6D-4658-B70C-64DBAF9039EE}"
EndProject
Project("{9A19103F-16F7-4668-BE54-9A1E7A4F7556}") = "S2fx.Data.NHibernate.MSSQLServer", "src\S2fx.Data.NHibernate.MSSQLServer\S2fx.Data.NHibernate.MSSQLServer.csproj", "{507A8715-A2DB-434C-8426-BAD2E99152CF}"
EndProject
Project("{9A19103F-16F7-4668-BE54-9A1E7A4F7556}") = "S2fx.Data.NHibernate.SQLite", "src\S2fx.Data.NHibernate.SQLite\S2fx.Data.NHibernate.SQLite.csproj", "{39334549-CED1-4213-8D21-B13C3F1F86DE}"
EndProject
Project("{2150E333-8FDC-42A3-9474-1A3956D46DE8}") = "DBDrivers", "DBDrivers", "{F9BE9B27-DD0B-422B-B8A4-F44435752B48}"
EndProject
Global
	GlobalSection(SolutionConfigurationPlatforms) = preSolution
		Debug|Any CPU = Debug|Any CPU
		Release|Any CPU = Release|Any CPU
	EndGlobalSection
	GlobalSection(ProjectConfigurationPlatforms) = postSolution
		{08774AE8-05D9-4918-9D03-7F261686A471}.Debug|Any CPU.ActiveCfg = Debug|Any CPU
		{08774AE8-05D9-4918-9D03-7F261686A471}.Debug|Any CPU.Build.0 = Debug|Any CPU
		{08774AE8-05D9-4918-9D03-7F261686A471}.Release|Any CPU.ActiveCfg = Release|Any CPU
		{08774AE8-05D9-4918-9D03-7F261686A471}.Release|Any CPU.Build.0 = Release|Any CPU
		{8ACDE6AA-A6B1-4AFB-9FB0-067D6EDB2DE8}.Debug|Any CPU.ActiveCfg = Debug|Any CPU
		{8ACDE6AA-A6B1-4AFB-9FB0-067D6EDB2DE8}.Debug|Any CPU.Build.0 = Debug|Any CPU
		{8ACDE6AA-A6B1-4AFB-9FB0-067D6EDB2DE8}.Release|Any CPU.ActiveCfg = Release|Any CPU
		{8ACDE6AA-A6B1-4AFB-9FB0-067D6EDB2DE8}.Release|Any CPU.Build.0 = Release|Any CPU
		{7E2E7CED-D776-4FCA-A703-FCA11EE83110}.Debug|Any CPU.ActiveCfg = Debug|Any CPU
		{7E2E7CED-D776-4FCA-A703-FCA11EE83110}.Debug|Any CPU.Build.0 = Debug|Any CPU
		{7E2E7CED-D776-4FCA-A703-FCA11EE83110}.Release|Any CPU.ActiveCfg = Release|Any CPU
		{7E2E7CED-D776-4FCA-A703-FCA11EE83110}.Release|Any CPU.Build.0 = Release|Any CPU
		{9FF030E1-8880-40B3-9640-CA98866A1CB3}.Debug|Any CPU.ActiveCfg = Debug|Any CPU
		{9FF030E1-8880-40B3-9640-CA98866A1CB3}.Debug|Any CPU.Build.0 = Debug|Any CPU
		{9FF030E1-8880-40B3-9640-CA98866A1CB3}.Release|Any CPU.ActiveCfg = Release|Any CPU
		{9FF030E1-8880-40B3-9640-CA98866A1CB3}.Release|Any CPU.Build.0 = Release|Any CPU
		{E2641D3A-B88C-4471-A0FE-70724C45CA4A}.Debug|Any CPU.ActiveCfg = Debug|Any CPU
		{E2641D3A-B88C-4471-A0FE-70724C45CA4A}.Debug|Any CPU.Build.0 = Debug|Any CPU
		{E2641D3A-B88C-4471-A0FE-70724C45CA4A}.Release|Any CPU.ActiveCfg = Release|Any CPU
		{E2641D3A-B88C-4471-A0FE-70724C45CA4A}.Release|Any CPU.Build.0 = Release|Any CPU
		{9581A9C8-B68C-4BC2-93FA-0B35AF44C017}.Debug|Any CPU.ActiveCfg = Debug|Any CPU
		{9581A9C8-B68C-4BC2-93FA-0B35AF44C017}.Debug|Any CPU.Build.0 = Debug|Any CPU
		{9581A9C8-B68C-4BC2-93FA-0B35AF44C017}.Release|Any CPU.ActiveCfg = Release|Any CPU
		{9581A9C8-B68C-4BC2-93FA-0B35AF44C017}.Release|Any CPU.Build.0 = Release|Any CPU
		{B871FB87-068C-413B-89AF-F640344F7331}.Debug|Any CPU.ActiveCfg = Debug|Any CPU
		{B871FB87-068C-413B-89AF-F640344F7331}.Debug|Any CPU.Build.0 = Debug|Any CPU
		{B871FB87-068C-413B-89AF-F640344F7331}.Release|Any CPU.ActiveCfg = Release|Any CPU
		{B871FB87-068C-413B-89AF-F640344F7331}.Release|Any CPU.Build.0 = Release|Any CPU
		{8CA517BB-1794-4067-AC9F-FE8B832D6662}.Debug|Any CPU.ActiveCfg = Debug|Any CPU
		{8CA517BB-1794-4067-AC9F-FE8B832D6662}.Debug|Any CPU.Build.0 = Debug|Any CPU
		{8CA517BB-1794-4067-AC9F-FE8B832D6662}.Release|Any CPU.ActiveCfg = Release|Any CPU
		{8CA517BB-1794-4067-AC9F-FE8B832D6662}.Release|Any CPU.Build.0 = Release|Any CPU
		{522D0E93-7996-4D74-80B7-EBDF254391E1}.Debug|Any CPU.ActiveCfg = Debug|Any CPU
		{522D0E93-7996-4D74-80B7-EBDF254391E1}.Debug|Any CPU.Build.0 = Debug|Any CPU
		{522D0E93-7996-4D74-80B7-EBDF254391E1}.Release|Any CPU.ActiveCfg = Release|Any CPU
		{522D0E93-7996-4D74-80B7-EBDF254391E1}.Release|Any CPU.Build.0 = Release|Any CPU
		{C255C31A-0038-4608-9DFB-C8BE3D44A22D}.Debug|Any CPU.ActiveCfg = Debug|Any CPU
		{C255C31A-0038-4608-9DFB-C8BE3D44A22D}.Debug|Any CPU.Build.0 = Debug|Any CPU
		{C255C31A-0038-4608-9DFB-C8BE3D44A22D}.Release|Any CPU.ActiveCfg = Release|Any CPU
		{C255C31A-0038-4608-9DFB-C8BE3D44A22D}.Release|Any CPU.Build.0 = Release|Any CPU
		{1BDDEDDB-BF6D-4658-B70C-64DBAF9039EE}.Debug|Any CPU.ActiveCfg = Debug|Any CPU
		{1BDDEDDB-BF6D-4658-B70C-64DBAF9039EE}.Debug|Any CPU.Build.0 = Debug|Any CPU
		{1BDDEDDB-BF6D-4658-B70C-64DBAF9039EE}.Release|Any CPU.ActiveCfg = Release|Any CPU
		{1BDDEDDB-BF6D-4658-B70C-64DBAF9039EE}.Release|Any CPU.Build.0 = Release|Any CPU
		{507A8715-A2DB-434C-8426-BAD2E99152CF}.Debug|Any CPU.ActiveCfg = Debug|Any CPU
		{507A8715-A2DB-434C-8426-BAD2E99152CF}.Debug|Any CPU.Build.0 = Debug|Any CPU
		{507A8715-A2DB-434C-8426-BAD2E99152CF}.Release|Any CPU.ActiveCfg = Release|Any CPU
		{507A8715-A2DB-434C-8426-BAD2E99152CF}.Release|Any CPU.Build.0 = Release|Any CPU
		{39334549-CED1-4213-8D21-B13C3F1F86DE}.Debug|Any CPU.ActiveCfg = Debug|Any CPU
		{39334549-CED1-4213-8D21-B13C3F1F86DE}.Debug|Any CPU.Build.0 = Debug|Any CPU
		{39334549-CED1-4213-8D21-B13C3F1F86DE}.Release|Any CPU.ActiveCfg = Release|Any CPU
		{39334549-CED1-4213-8D21-B13C3F1F86DE}.Release|Any CPU.Build.0 = Release|Any CPU
	EndGlobalSection
	GlobalSection(SolutionProperties) = preSolution
		HideSolutionNode = FALSE
	EndGlobalSection
	GlobalSection(NestedProjects) = preSolution
		{08774AE8-05D9-4918-9D03-7F261686A471} = {56D5DCC2-F956-402F-AE23-D782C148374F}
		{2D49B7DE-09A3-43F5-B1CE-FB8207815BCE} = {6CFECB4F-91E9-4096-B594-77CEBFAF545B}
		{56D5DCC2-F956-402F-AE23-D782C148374F} = {6CFECB4F-91E9-4096-B594-77CEBFAF545B}
		{E7125242-99EF-45E4-8809-91BD8F3267FB} = {6CFECB4F-91E9-4096-B594-77CEBFAF545B}
		{8ACDE6AA-A6B1-4AFB-9FB0-067D6EDB2DE8} = {E7125242-99EF-45E4-8809-91BD8F3267FB}
		{7E2E7CED-D776-4FCA-A703-FCA11EE83110} = {56D5DCC2-F956-402F-AE23-D782C148374F}
		{9FF030E1-8880-40B3-9640-CA98866A1CB3} = {56D5DCC2-F956-402F-AE23-D782C148374F}
		{E2641D3A-B88C-4471-A0FE-70724C45CA4A} = {F9BE9B27-DD0B-422B-B8A4-F44435752B48}
		{9581A9C8-B68C-4BC2-93FA-0B35AF44C017} = {E407C4D5-0C2A-4903-AC5E-B1FBB1194B11}
		{B871FB87-068C-413B-89AF-F640344F7331} = {56D5DCC2-F956-402F-AE23-D782C148374F}
		{3E7AA7D1-F864-4010-A905-C361E6C1C71C} = {6CFECB4F-91E9-4096-B594-77CEBFAF545B}
		{8CA517BB-1794-4067-AC9F-FE8B832D6662} = {3E7AA7D1-F864-4010-A905-C361E6C1C71C}
		{5EB152A5-14AD-4075-975C-8776A45E1693} = {6CFECB4F-91E9-4096-B594-77CEBFAF545B}
		{522D0E93-7996-4D74-80B7-EBDF254391E1} = {5EB152A5-14AD-4075-975C-8776A45E1693}
		{C255C31A-0038-4608-9DFB-C8BE3D44A22D} = {F9BE9B27-DD0B-422B-B8A4-F44435752B48}
		{1BDDEDDB-BF6D-4658-B70C-64DBAF9039EE} = {3E7AA7D1-F864-4010-A905-C361E6C1C71C}
		{507A8715-A2DB-434C-8426-BAD2E99152CF} = {F9BE9B27-DD0B-422B-B8A4-F44435752B48}
		{39334549-CED1-4213-8D21-B13C3F1F86DE} = {F9BE9B27-DD0B-422B-B8A4-F44435752B48}
		{F9BE9B27-DD0B-422B-B8A4-F44435752B48} = {6CFECB4F-91E9-4096-B594-77CEBFAF545B}
	EndGlobalSection
	GlobalSection(ExtensibilityGlobals) = postSolution
		SolutionGuid = {59F4E74C-DAE3-4194-BDFF-7EFF3A7D1921}
	EndGlobalSection
EndGlobal
